
Microsoft Visual Studio Solution File, Format Version 12.00
# Visual Studio Version 16
VisualStudioVersion = 16.0.31829.152
MinimumVisualStudioVersion = 10.0.40219.1
Project("{FAE04EC0-301F-11D3-BF4B-00C04F79EFBC}") = "GrpcService", "GrpcService\GrpcService.csproj", "{22B47CFC-11E3-4BE0-BAA1-87ED038EAAD0}"
EndProject
Project("{FAE04EC0-301F-11D3-BF4B-00C04F79EFBC}") = "gRPCClient", "gRPCClient\gRPCClient.csproj", "{BFBDBC0C-F132-4C13-9D2D-14F76AAFACB8}"
EndProject
Global
	GlobalSection(SolutionConfigurationPlatforms) = preSolution
		Debug|Any CPU = Debug|Any CPU
		Release|Any CPU = Release|Any CPU
	EndGlobalSection
	GlobalSection(ProjectConfigurationPlatforms) = postSolution
		{22B47CFC-11E3-4BE0-BAA1-87ED038EAAD0}.Debug|Any CPU.ActiveCfg = Debug|Any CPU
		{22B47CFC-11E3-4BE0-BAA1-87ED038EAAD0}.Debug|Any CPU.Build.0 = Debug|Any CPU
		{22B47CFC-11E3-4BE0-BAA1-87ED038EAAD0}.Release|Any CPU.ActiveCfg = Release|Any CPU
		{22B47CFC-11E3-4BE0-BAA1-87ED038EAAD0}.Release|Any CPU.Build.0 = Release|Any CPU
		{BFBDBC0C-F132-4C13-9D2D-14F76AAFACB8}.Debug|Any CPU.ActiveCfg = Debug|Any CPU
		{BFBDBC0C-F132-4C13-9D2D-14F76AAFACB8}.Debug|Any CPU.Build.0 = Debug|Any CPU
		{BFBDBC0C-F132-4C13-9D2D-14F76AAFACB8}.Release|Any CPU.ActiveCfg = Release|Any CPU
		{BFBDBC0C-F132-4C13-9D2D-14F76AAFACB8}.Release|Any CPU.Build.0 = Release|Any CPU
	EndGlobalSection
	GlobalSection(SolutionProperties) = preSolution
		HideSolutionNode = FALSE
	EndGlobalSection
	GlobalSection(ExtensibilityGlobals) = postSolution
		SolutionGuid = {21123760-177C-4A6E-B14F-6060C0DF4BDD}
	EndGlobalSection
EndGlobal
